// !$*UTF8*$!
{
	archiveVersion = 1;
	classes = {
	};
	objectVersion = 46;
	objects = {

/* Begin PBXBuildFile section */
		0F9ED1FA34C52768882D890D /* Pods_DesignBox.framework in Frameworks */ = {isa = PBXBuildFile; fileRef = AAD50125A2DD2368C6925843 /* Pods_DesignBox.framework */; };
		EB249A861F42D1C800D48C2F /* AppDelegate.swift in Sources */ = {isa = PBXBuildFile; fileRef = EB249A851F42D1C800D48C2F /* AppDelegate.swift */; };
		EB249A9B1F42D1C800D48C2F /* DesignBoxTests.swift in Sources */ = {isa = PBXBuildFile; fileRef = EB249A9A1F42D1C800D48C2F /* DesignBoxTests.swift */; };
		EB249AA61F42D1C800D48C2F /* DesignBoxUITests.swift in Sources */ = {isa = PBXBuildFile; fileRef = EB249AA51F42D1C800D48C2F /* DesignBoxUITests.swift */; };
		EB249AC01F42F2D600D48C2F /* Assets.xcassets in Resources */ = {isa = PBXBuildFile; fileRef = EB249ABA1F42F2D600D48C2F /* Assets.xcassets */; };
		EB249AC11F42F2D700D48C2F /* LaunchScreen.storyboard in Resources */ = {isa = PBXBuildFile; fileRef = EB249ABB1F42F2D600D48C2F /* LaunchScreen.storyboard */; };
		EB249AC21F42F2D700D48C2F /* Main.storyboard in Resources */ = {isa = PBXBuildFile; fileRef = EB249ABD1F42F2D600D48C2F /* Main.storyboard */; };
		EB249AC71F42F31200D48C2F /* ArtWorkListViewController.swift in Sources */ = {isa = PBXBuildFile; fileRef = EB249AC61F42F31200D48C2F /* ArtWorkListViewController.swift */; };
		EB249AC81F42F7A100D48C2F /* Info.plist in Resources */ = {isa = PBXBuildFile; fileRef = EB249ABF1F42F2D600D48C2F /* Info.plist */; };
		EB249ACA1F43E03800D48C2F /* ArtWorkCommand.swift in Sources */ = {isa = PBXBuildFile; fileRef = EB249AC91F43E03800D48C2F /* ArtWorkCommand.swift */; };
		EB249AD11F44281A00D48C2F /* ArtWork.swift in Sources */ = {isa = PBXBuildFile; fileRef = EB249AD01F44281A00D48C2F /* ArtWork.swift */; };
		EB4741791F44658E00235E1A /* ArtWorkCell.swift in Sources */ = {isa = PBXBuildFile; fileRef = EB4741781F44658E00235E1A /* ArtWorkCell.swift */; };
		EB47417C1F44689400235E1A /* ArtImageView.swift in Sources */ = {isa = PBXBuildFile; fileRef = EB47417B1F44689400235E1A /* ArtImageView.swift */; };
		EB54FAFB1F5574E100833770 /* UIViewController+Art.swift in Sources */ = {isa = PBXBuildFile; fileRef = EB54FAFA1F5574E100833770 /* UIViewController+Art.swift */; };
		EB7FF9031F4D1C5A00CFEB8A /* DesignBox-Prefix.swift in Sources */ = {isa = PBXBuildFile; fileRef = EB7FF9021F4D1C5A00CFEB8A /* DesignBox-Prefix.swift */; };
		EB7FF90C1F4D44D800CFEB8A /* AppDelegate+Start.swift in Sources */ = {isa = PBXBuildFile; fileRef = EB7FF90B1F4D44D800CFEB8A /* AppDelegate+Start.swift */; };
		EB7FF90F1F4D450E00CFEB8A /* UIColor+Art.swift in Sources */ = {isa = PBXBuildFile; fileRef = EB7FF90E1F4D450E00CFEB8A /* UIColor+Art.swift */; };
		EB7FF9111F4D661B00CFEB8A /* Work.xcassets in Resources */ = {isa = PBXBuildFile; fileRef = EB7FF9101F4D661B00CFEB8A /* Work.xcassets */; };
		EB7FF9141F4D692300CFEB8A /* UIColor+ArtStyle.swift in Sources */ = {isa = PBXBuildFile; fileRef = EB7FF9131F4D692300CFEB8A /* UIColor+ArtStyle.swift */; };
		EB7FF9161F4E736B00CFEB8A /* ArtStyle.swift in Sources */ = {isa = PBXBuildFile; fileRef = EB7FF9151F4E736B00CFEB8A /* ArtStyle.swift */; };
		EB7FF9181F4E82DF00CFEB8A /* String+Art.swift in Sources */ = {isa = PBXBuildFile; fileRef = EB7FF9171F4E82DF00CFEB8A /* String+Art.swift */; };
		EB7FF9241F4FCBB600CFEB8A /* ArtRequirementViewController.swift in Sources */ = {isa = PBXBuildFile; fileRef = EB7FF9231F4FCBB600CFEB8A /* ArtRequirementViewController.swift */; };
		EB7FF9271F4FCC5A00CFEB8A /* ArtScrollTab.swift in Sources */ = {isa = PBXBuildFile; fileRef = EB7FF9261F4FCC5A00CFEB8A /* ArtScrollTab.swift */; };
		EB7FF9291F50059A00CFEB8A /* ArtScrollTabItem.swift in Sources */ = {isa = PBXBuildFile; fileRef = EB7FF9281F50059A00CFEB8A /* ArtScrollTabItem.swift */; };
		EB7FF92B1F53FF0300CFEB8A /* ArtPageViewController.swift in Sources */ = {isa = PBXBuildFile; fileRef = EB7FF92A1F53FF0300CFEB8A /* ArtPageViewController.swift */; };
		EB7FF92D1F5402F300CFEB8A /* ArtFilterModel.swift in Sources */ = {isa = PBXBuildFile; fileRef = EB7FF92C1F5402F300CFEB8A /* ArtFilterModel.swift */; };
		EB9521FC1F59022A00849DEC /* ArtLoginViewController.swift in Sources */ = {isa = PBXBuildFile; fileRef = EB9521FB1F59022A00849DEC /* ArtLoginViewController.swift */; };
		EB9521FE1F59024200849DEC /* ArtLoginViewController.storyboard in Resources */ = {isa = PBXBuildFile; fileRef = EB9521FD1F59024200849DEC /* ArtLoginViewController.storyboard */; };
		EB9522001F59038100849DEC /* Login.xcassets in Resources */ = {isa = PBXBuildFile; fileRef = EB9521FF1F59038100849DEC /* Login.xcassets */; };
		EB9522091F593B2E00849DEC /* ArtCommand.swift in Sources */ = {isa = PBXBuildFile; fileRef = EB9522041F593B2E00849DEC /* ArtCommand.swift */; };
		EB95220A1F593B2E00849DEC /* ArtImageService.swift in Sources */ = {isa = PBXBuildFile; fileRef = EB9522061F593B2E00849DEC /* ArtImageService.swift */; };
		EB95220B1F593B2E00849DEC /* ArtUserService.swift in Sources */ = {isa = PBXBuildFile; fileRef = EB9522081F593B2E00849DEC /* ArtUserService.swift */; };
		EB9522121F593C5D00849DEC /* ArtLoginUserService.swift in Sources */ = {isa = PBXBuildFile; fileRef = EB9522111F593C5D00849DEC /* ArtLoginUserService.swift */; };
		EB9522141F593C6E00849DEC /* ArtUserOperation.swift in Sources */ = {isa = PBXBuildFile; fileRef = EB9522131F593C6E00849DEC /* ArtUserOperation.swift */; };
		EB9522161F593E1D00849DEC /* ArtCommandLogin.swift in Sources */ = {isa = PBXBuildFile; fileRef = EB9522151F593E1D00849DEC /* ArtCommandLogin.swift */; };
		EB9522181F5944FA00849DEC /* NSData+Art.swift in Sources */ = {isa = PBXBuildFile; fileRef = EB9522171F5944FA00849DEC /* NSData+Art.swift */; };
		EB95221A1F59452700849DEC /* libSystem.tbd in Frameworks */ = {isa = PBXBuildFile; fileRef = EB9522191F59452700849DEC /* libSystem.tbd */; };
		EB95221C1F59477D00849DEC /* ArtUserConfig.swift in Sources */ = {isa = PBXBuildFile; fileRef = EB95221B1F59477D00849DEC /* ArtUserConfig.swift */; };
		EBC9DD151F56B2FC0013EC94 /* UIView+Art.swift in Sources */ = {isa = PBXBuildFile; fileRef = EBC9DD141F56B2FC0013EC94 /* UIView+Art.swift */; };
		EBEE742D1F4BD92C0092EFCC /* ArtUser.swift in Sources */ = {isa = PBXBuildFile; fileRef = EBEE742C1F4BD92C0092EFCC /* ArtUser.swift */; };
		EBEE742F1F4BD97F0092EFCC /* ArtShare.swift in Sources */ = {isa = PBXBuildFile; fileRef = EBEE742E1F4BD97F0092EFCC /* ArtShare.swift */; };
/* End PBXBuildFile section */

/* Begin PBXContainerItemProxy section */
		EB249A971F42D1C800D48C2F /* PBXContainerItemProxy */ = {
			isa = PBXContainerItemProxy;
			containerPortal = EB249A7A1F42D1C800D48C2F /* Project object */;
			proxyType = 1;
			remoteGlobalIDString = EB249A811F42D1C800D48C2F;
			remoteInfo = DesignBox;
		};
		EB249AA21F42D1C800D48C2F /* PBXContainerItemProxy */ = {
			isa = PBXContainerItemProxy;
			containerPortal = EB249A7A1F42D1C800D48C2F /* Project object */;
			proxyType = 1;
			remoteGlobalIDString = EB249A811F42D1C800D48C2F;
			remoteInfo = DesignBox;
		};
/* End PBXContainerItemProxy section */

/* Begin PBXFileReference section */
		5A99D23A7AD340B2B1B80973 /* Pods-DesignBox.release.xcconfig */ = {isa = PBXFileReference; includeInIndex = 1; lastKnownFileType = text.xcconfig; name = "Pods-DesignBox.release.xcconfig"; path = "Pods/Target Support Files/Pods-DesignBox/Pods-DesignBox.release.xcconfig"; sourceTree = "<group>"; };
		AAD50125A2DD2368C6925843 /* Pods_DesignBox.framework */ = {isa = PBXFileReference; explicitFileType = wrapper.framework; includeInIndex = 0; path = Pods_DesignBox.framework; sourceTree = BUILT_PRODUCTS_DIR; };
		EB249A821F42D1C800D48C2F /* DesignBox.app */ = {isa = PBXFileReference; explicitFileType = wrapper.application; includeInIndex = 0; path = DesignBox.app; sourceTree = BUILT_PRODUCTS_DIR; };
		EB249A851F42D1C800D48C2F /* AppDelegate.swift */ = {isa = PBXFileReference; lastKnownFileType = sourcecode.swift; path = AppDelegate.swift; sourceTree = "<group>"; };
		EB249A961F42D1C800D48C2F /* DesignBoxTests.xctest */ = {isa = PBXFileReference; explicitFileType = wrapper.cfbundle; includeInIndex = 0; path = DesignBoxTests.xctest; sourceTree = BUILT_PRODUCTS_DIR; };
		EB249A9A1F42D1C800D48C2F /* DesignBoxTests.swift */ = {isa = PBXFileReference; lastKnownFileType = sourcecode.swift; path = DesignBoxTests.swift; sourceTree = "<group>"; };
		EB249A9C1F42D1C800D48C2F /* Info.plist */ = {isa = PBXFileReference; lastKnownFileType = text.plist.xml; path = Info.plist; sourceTree = "<group>"; };
		EB249AA11F42D1C800D48C2F /* DesignBoxUITests.xctest */ = {isa = PBXFileReference; explicitFileType = wrapper.cfbundle; includeInIndex = 0; path = DesignBoxUITests.xctest; sourceTree = BUILT_PRODUCTS_DIR; };
		EB249AA51F42D1C800D48C2F /* DesignBoxUITests.swift */ = {isa = PBXFileReference; lastKnownFileType = sourcecode.swift; path = DesignBoxUITests.swift; sourceTree = "<group>"; };
		EB249AA71F42D1C800D48C2F /* Info.plist */ = {isa = PBXFileReference; lastKnownFileType = text.plist.xml; path = Info.plist; sourceTree = "<group>"; };
		EB249ABA1F42F2D600D48C2F /* Assets.xcassets */ = {isa = PBXFileReference; lastKnownFileType = folder.assetcatalog; path = Assets.xcassets; sourceTree = "<group>"; };
		EB249ABC1F42F2D600D48C2F /* Base */ = {isa = PBXFileReference; lastKnownFileType = file.storyboard; name = Base; path = Base.lproj/LaunchScreen.storyboard; sourceTree = "<group>"; };
		EB249ABE1F42F2D600D48C2F /* Base */ = {isa = PBXFileReference; lastKnownFileType = file.storyboard; name = Base; path = Base.lproj/Main.storyboard; sourceTree = "<group>"; };
		EB249ABF1F42F2D600D48C2F /* Info.plist */ = {isa = PBXFileReference; fileEncoding = 4; lastKnownFileType = text.plist.xml; path = Info.plist; sourceTree = "<group>"; };
		EB249AC61F42F31200D48C2F /* ArtWorkListViewController.swift */ = {isa = PBXFileReference; fileEncoding = 4; lastKnownFileType = sourcecode.swift; path = ArtWorkListViewController.swift; sourceTree = "<group>"; };
		EB249AC91F43E03800D48C2F /* ArtWorkCommand.swift */ = {isa = PBXFileReference; fileEncoding = 4; lastKnownFileType = sourcecode.swift; path = ArtWorkCommand.swift; sourceTree = "<group>"; };
		EB249AD01F44281A00D48C2F /* ArtWork.swift */ = {isa = PBXFileReference; fileEncoding = 4; lastKnownFileType = sourcecode.swift; path = ArtWork.swift; sourceTree = "<group>"; };
		EB4741781F44658E00235E1A /* ArtWorkCell.swift */ = {isa = PBXFileReference; fileEncoding = 4; lastKnownFileType = sourcecode.swift; path = ArtWorkCell.swift; sourceTree = "<group>"; };
		EB47417B1F44689400235E1A /* ArtImageView.swift */ = {isa = PBXFileReference; fileEncoding = 4; lastKnownFileType = sourcecode.swift; path = ArtImageView.swift; sourceTree = "<group>"; };
		EB54FAFA1F5574E100833770 /* UIViewController+Art.swift */ = {isa = PBXFileReference; fileEncoding = 4; lastKnownFileType = sourcecode.swift; path = "UIViewController+Art.swift"; sourceTree = "<group>"; };
		EB7FF9021F4D1C5A00CFEB8A /* DesignBox-Prefix.swift */ = {isa = PBXFileReference; fileEncoding = 4; lastKnownFileType = sourcecode.swift; path = "DesignBox-Prefix.swift"; sourceTree = "<group>"; };
		EB7FF90B1F4D44D800CFEB8A /* AppDelegate+Start.swift */ = {isa = PBXFileReference; fileEncoding = 4; lastKnownFileType = sourcecode.swift; path = "AppDelegate+Start.swift"; sourceTree = "<group>"; };
		EB7FF90E1F4D450E00CFEB8A /* UIColor+Art.swift */ = {isa = PBXFileReference; fileEncoding = 4; lastKnownFileType = sourcecode.swift; path = "UIColor+Art.swift"; sourceTree = "<group>"; };
		EB7FF9101F4D661B00CFEB8A /* Work.xcassets */ = {isa = PBXFileReference; lastKnownFileType = folder.assetcatalog; path = Work.xcassets; sourceTree = "<group>"; };
		EB7FF9131F4D692300CFEB8A /* UIColor+ArtStyle.swift */ = {isa = PBXFileReference; fileEncoding = 4; lastKnownFileType = sourcecode.swift; path = "UIColor+ArtStyle.swift"; sourceTree = "<group>"; };
		EB7FF9151F4E736B00CFEB8A /* ArtStyle.swift */ = {isa = PBXFileReference; fileEncoding = 4; lastKnownFileType = sourcecode.swift; path = ArtStyle.swift; sourceTree = "<group>"; };
		EB7FF9171F4E82DF00CFEB8A /* String+Art.swift */ = {isa = PBXFileReference; fileEncoding = 4; lastKnownFileType = sourcecode.swift; path = "String+Art.swift"; sourceTree = "<group>"; };
		EB7FF9231F4FCBB600CFEB8A /* ArtRequirementViewController.swift */ = {isa = PBXFileReference; fileEncoding = 4; lastKnownFileType = sourcecode.swift; path = ArtRequirementViewController.swift; sourceTree = "<group>"; };
		EB7FF9261F4FCC5A00CFEB8A /* ArtScrollTab.swift */ = {isa = PBXFileReference; fileEncoding = 4; lastKnownFileType = sourcecode.swift; path = ArtScrollTab.swift; sourceTree = "<group>"; };
		EB7FF9281F50059A00CFEB8A /* ArtScrollTabItem.swift */ = {isa = PBXFileReference; fileEncoding = 4; lastKnownFileType = sourcecode.swift; path = ArtScrollTabItem.swift; sourceTree = "<group>"; };
		EB7FF92A1F53FF0300CFEB8A /* ArtPageViewController.swift */ = {isa = PBXFileReference; fileEncoding = 4; lastKnownFileType = sourcecode.swift; path = ArtPageViewController.swift; sourceTree = "<group>"; };
		EB7FF92C1F5402F300CFEB8A /* ArtFilterModel.swift */ = {isa = PBXFileReference; fileEncoding = 4; lastKnownFileType = sourcecode.swift; path = ArtFilterModel.swift; sourceTree = "<group>"; };
		EB9521FB1F59022A00849DEC /* ArtLoginViewController.swift */ = {isa = PBXFileReference; fileEncoding = 4; lastKnownFileType = sourcecode.swift; path = ArtLoginViewController.swift; sourceTree = "<group>"; };
		EB9521FD1F59024200849DEC /* ArtLoginViewController.storyboard */ = {isa = PBXFileReference; fileEncoding = 4; lastKnownFileType = file.storyboard; path = ArtLoginViewController.storyboard; sourceTree = "<group>"; };
		EB9521FF1F59038100849DEC /* Login.xcassets */ = {isa = PBXFileReference; lastKnownFileType = folder.assetcatalog; path = Login.xcassets; sourceTree = "<group>"; };
		EB9522041F593B2E00849DEC /* ArtCommand.swift */ = {isa = PBXFileReference; fileEncoding = 4; lastKnownFileType = sourcecode.swift; path = ArtCommand.swift; sourceTree = "<group>"; };
		EB9522061F593B2E00849DEC /* ArtImageService.swift */ = {isa = PBXFileReference; fileEncoding = 4; lastKnownFileType = sourcecode.swift; path = ArtImageService.swift; sourceTree = "<group>"; };
		EB9522081F593B2E00849DEC /* ArtUserService.swift */ = {isa = PBXFileReference; fileEncoding = 4; lastKnownFileType = sourcecode.swift; path = ArtUserService.swift; sourceTree = "<group>"; };
		EB9522111F593C5D00849DEC /* ArtLoginUserService.swift */ = {isa = PBXFileReference; fileEncoding = 4; lastKnownFileType = sourcecode.swift; path = ArtLoginUserService.swift; sourceTree = "<group>"; };
		EB9522131F593C6E00849DEC /* ArtUserOperation.swift */ = {isa = PBXFileReference; fileEncoding = 4; lastKnownFileType = sourcecode.swift; path = ArtUserOperation.swift; sourceTree = "<group>"; };
		EB9522151F593E1D00849DEC /* ArtCommandLogin.swift */ = {isa = PBXFileReference; fileEncoding = 4; lastKnownFileType = sourcecode.swift; path = ArtCommandLogin.swift; sourceTree = "<group>"; };
		EB9522171F5944FA00849DEC /* NSData+Art.swift */ = {isa = PBXFileReference; fileEncoding = 4; lastKnownFileType = sourcecode.swift; path = "NSData+Art.swift"; sourceTree = "<group>"; };
		EB9522191F59452700849DEC /* libSystem.tbd */ = {isa = PBXFileReference; lastKnownFileType = "sourcecode.text-based-dylib-definition"; name = libSystem.tbd; path = usr/lib/libSystem.tbd; sourceTree = SDKROOT; };
		EB95221B1F59477D00849DEC /* ArtUserConfig.swift */ = {isa = PBXFileReference; fileEncoding = 4; lastKnownFileType = sourcecode.swift; path = ArtUserConfig.swift; sourceTree = "<group>"; };
		EBC9DD141F56B2FC0013EC94 /* UIView+Art.swift */ = {isa = PBXFileReference; fileEncoding = 4; lastKnownFileType = sourcecode.swift; path = "UIView+Art.swift"; sourceTree = "<group>"; };
		EBEE742C1F4BD92C0092EFCC /* ArtUser.swift */ = {isa = PBXFileReference; fileEncoding = 4; lastKnownFileType = sourcecode.swift; path = ArtUser.swift; sourceTree = "<group>"; };
		EBEE742E1F4BD97F0092EFCC /* ArtShare.swift */ = {isa = PBXFileReference; fileEncoding = 4; lastKnownFileType = sourcecode.swift; path = ArtShare.swift; sourceTree = "<group>"; };
		EDF11EE45BE2B5ECC7E3C9A6 /* Pods-DesignBox.debug.xcconfig */ = {isa = PBXFileReference; includeInIndex = 1; lastKnownFileType = text.xcconfig; name = "Pods-DesignBox.debug.xcconfig"; path = "Pods/Target Support Files/Pods-DesignBox/Pods-DesignBox.debug.xcconfig"; sourceTree = "<group>"; };
/* End PBXFileReference section */

/* Begin PBXFrameworksBuildPhase section */
		EB249A7F1F42D1C800D48C2F /* Frameworks */ = {
			isa = PBXFrameworksBuildPhase;
			buildActionMask = 2147483647;
			files = (
				EB95221A1F59452700849DEC /* libSystem.tbd in Frameworks */,
				0F9ED1FA34C52768882D890D /* Pods_DesignBox.framework in Frameworks */,
			);
			runOnlyForDeploymentPostprocessing = 0;
		};
		EB249A931F42D1C800D48C2F /* Frameworks */ = {
			isa = PBXFrameworksBuildPhase;
			buildActionMask = 2147483647;
			files = (
			);
			runOnlyForDeploymentPostprocessing = 0;
		};
		EB249A9E1F42D1C800D48C2F /* Frameworks */ = {
			isa = PBXFrameworksBuildPhase;
			buildActionMask = 2147483647;
			files = (
			);
			runOnlyForDeploymentPostprocessing = 0;
		};
/* End PBXFrameworksBuildPhase section */

/* Begin PBXGroup section */
		1FC9B0292496FF62BCCEB308 /* Pods */ = {
			isa = PBXGroup;
			children = (
				EDF11EE45BE2B5ECC7E3C9A6 /* Pods-DesignBox.debug.xcconfig */,
				5A99D23A7AD340B2B1B80973 /* Pods-DesignBox.release.xcconfig */,
			);
			name = Pods;
			sourceTree = "<group>";
		};
		7B827EB4D506CCC751216145 /* Frameworks */ = {
			isa = PBXGroup;
			children = (
				EB9522191F59452700849DEC /* libSystem.tbd */,
				AAD50125A2DD2368C6925843 /* Pods_DesignBox.framework */,
			);
			name = Frameworks;
			sourceTree = "<group>";
		};
		EB249A791F42D1C800D48C2F = {
			isa = PBXGroup;
			children = (
				EB249A841F42D1C800D48C2F /* DesignBox */,
				EB249A991F42D1C800D48C2F /* DesignBoxTests */,
				EB249AA41F42D1C800D48C2F /* DesignBoxUITests */,
				EB249A831F42D1C800D48C2F /* Products */,
				1FC9B0292496FF62BCCEB308 /* Pods */,
				7B827EB4D506CCC751216145 /* Frameworks */,
			);
			sourceTree = "<group>";
		};
		EB249A831F42D1C800D48C2F /* Products */ = {
			isa = PBXGroup;
			children = (
				EB249A821F42D1C800D48C2F /* DesignBox.app */,
				EB249A961F42D1C800D48C2F /* DesignBoxTests.xctest */,
				EB249AA11F42D1C800D48C2F /* DesignBoxUITests.xctest */,
			);
			name = Products;
			sourceTree = "<group>";
		};
		EB249A841F42D1C800D48C2F /* DesignBox */ = {
			isa = PBXGroup;
			children = (
				EB249A851F42D1C800D48C2F /* AppDelegate.swift */,
				EB7FF9121F4D691100CFEB8A /* ArtStyle */,
				EB7FF9041F4D2AE800CFEB8A /* AppFrame */,
				EB249AB31F42F2AF00D48C2F /* App */,
				EB249ACB1F43E05700D48C2F /* Service */,
				EB47417A1F44682400235E1A /* ArtKit */,
				EB7FF90D1F4D44F800CFEB8A /* Categories */,
				EB249AB91F42F2D600D48C2F /* SupportingFiles */,
			);
			path = DesignBox;
			sourceTree = "<group>";
		};
		EB249A991F42D1C800D48C2F /* DesignBoxTests */ = {
			isa = PBXGroup;
			children = (
				EB249A9A1F42D1C800D48C2F /* DesignBoxTests.swift */,
				EB249A9C1F42D1C800D48C2F /* Info.plist */,
			);
			path = DesignBoxTests;
			sourceTree = "<group>";
		};
		EB249AA41F42D1C800D48C2F /* DesignBoxUITests */ = {
			isa = PBXGroup;
			children = (
				EB249AA51F42D1C800D48C2F /* DesignBoxUITests.swift */,
				EB249AA71F42D1C800D48C2F /* Info.plist */,
			);
			path = DesignBoxUITests;
			sourceTree = "<group>";
		};
		EB249AB31F42F2AF00D48C2F /* App */ = {
			isa = PBXGroup;
			children = (
				EB9521F61F59021400849DEC /* Login */,
				EB7FF91E1F4FCB9C00CFEB8A /* Requirement */,
				EB249AB41F42F2AF00D48C2F /* Work */,
			);
			path = App;
			sourceTree = "<group>";
		};
		EB249AB41F42F2AF00D48C2F /* Work */ = {
			isa = PBXGroup;
			children = (
				EB249ACE1F44278A00D48C2F /* Model */,
				EB249AB51F42F2AF00D48C2F /* Command */,
				EB249AB71F42F2AF00D48C2F /* ViewController */,
				EB249AB81F42F2AF00D48C2F /* ViewModel */,
				EB7FF9101F4D661B00CFEB8A /* Work.xcassets */,
			);
			path = Work;
			sourceTree = "<group>";
		};
		EB249AB51F42F2AF00D48C2F /* Command */ = {
			isa = PBXGroup;
			children = (
				EB249AC91F43E03800D48C2F /* ArtWorkCommand.swift */,
			);
			path = Command;
			sourceTree = "<group>";
		};
		EB249AB71F42F2AF00D48C2F /* ViewController */ = {
			isa = PBXGroup;
			children = (
				EB249ACF1F44279100D48C2F /* View */,
				EB249AC61F42F31200D48C2F /* ArtWorkListViewController.swift */,
			);
			path = ViewController;
			sourceTree = "<group>";
		};
		EB249AB81F42F2AF00D48C2F /* ViewModel */ = {
			isa = PBXGroup;
			children = (
			);
			path = ViewModel;
			sourceTree = "<group>";
		};
		EB249AB91F42F2D600D48C2F /* SupportingFiles */ = {
			isa = PBXGroup;
			children = (
				EB249ABA1F42F2D600D48C2F /* Assets.xcassets */,
				EB249ABB1F42F2D600D48C2F /* LaunchScreen.storyboard */,
				EB249ABD1F42F2D600D48C2F /* Main.storyboard */,
				EB249ABF1F42F2D600D48C2F /* Info.plist */,
				EB7FF9021F4D1C5A00CFEB8A /* DesignBox-Prefix.swift */,
			);
			path = SupportingFiles;
			sourceTree = "<group>";
		};
		EB249ACB1F43E05700D48C2F /* Service */ = {
			isa = PBXGroup;
			children = (
				EB9522031F593B2E00849DEC /* Command */,
				EB9522051F593B2E00849DEC /* ImageService */,
				EB9522071F593B2E00849DEC /* UserService */,
			);
			path = Service;
			sourceTree = "<group>";
		};
		EB249ACE1F44278A00D48C2F /* Model */ = {
			isa = PBXGroup;
			children = (
				EB249AD01F44281A00D48C2F /* ArtWork.swift */,
				EBEE742C1F4BD92C0092EFCC /* ArtUser.swift */,
				EBEE742E1F4BD97F0092EFCC /* ArtShare.swift */,
			);
			path = Model;
			sourceTree = "<group>";
		};
		EB249ACF1F44279100D48C2F /* View */ = {
			isa = PBXGroup;
			children = (
				EB4741781F44658E00235E1A /* ArtWorkCell.swift */,
			);
			path = View;
			sourceTree = "<group>";
		};
		EB47417A1F44682400235E1A /* ArtKit */ = {
			isa = PBXGroup;
			children = (
				EB7FF9251F4FCBD100CFEB8A /* pageViewController */,
				EB47417B1F44689400235E1A /* ArtImageView.swift */,
			);
			path = ArtKit;
			sourceTree = "<group>";
		};
		EB7FF9041F4D2AE800CFEB8A /* AppFrame */ = {
			isa = PBXGroup;
			children = (
				EB7FF90B1F4D44D800CFEB8A /* AppDelegate+Start.swift */,
			);
			path = AppFrame;
			sourceTree = "<group>";
		};
		EB7FF90D1F4D44F800CFEB8A /* Categories */ = {
			isa = PBXGroup;
			children = (
				EB7FF90E1F4D450E00CFEB8A /* UIColor+Art.swift */,
				EB7FF9171F4E82DF00CFEB8A /* String+Art.swift */,
				EB54FAFA1F5574E100833770 /* UIViewController+Art.swift */,
				EBC9DD141F56B2FC0013EC94 /* UIView+Art.swift */,
				EB9522171F5944FA00849DEC /* NSData+Art.swift */,
			);
			path = Categories;
			sourceTree = "<group>";
		};
		EB7FF9121F4D691100CFEB8A /* ArtStyle */ = {
			isa = PBXGroup;
			children = (
				EB7FF9131F4D692300CFEB8A /* UIColor+ArtStyle.swift */,
				EB7FF9151F4E736B00CFEB8A /* ArtStyle.swift */,
			);
			path = ArtStyle;
			sourceTree = "<group>";
		};
		EB7FF91E1F4FCB9C00CFEB8A /* Requirement */ = {
			isa = PBXGroup;
			children = (
				EB7FF91F1F4FCB9C00CFEB8A /* Command */,
				EB7FF9201F4FCB9C00CFEB8A /* Model */,
				EB7FF9211F4FCB9C00CFEB8A /* ViewController */,
				EB7FF9221F4FCB9C00CFEB8A /* ViewModel */,
			);
			path = Requirement;
			sourceTree = "<group>";
		};
		EB7FF91F1F4FCB9C00CFEB8A /* Command */ = {
			isa = PBXGroup;
			children = (
			);
			path = Command;
			sourceTree = "<group>";
		};
		EB7FF9201F4FCB9C00CFEB8A /* Model */ = {
			isa = PBXGroup;
			children = (
			);
			path = Model;
			sourceTree = "<group>";
		};
		EB7FF9211F4FCB9C00CFEB8A /* ViewController */ = {
			isa = PBXGroup;
			children = (
				EB7FF9231F4FCBB600CFEB8A /* ArtRequirementViewController.swift */,
			);
			path = ViewController;
			sourceTree = "<group>";
		};
		EB7FF9221F4FCB9C00CFEB8A /* ViewModel */ = {
			isa = PBXGroup;
			children = (
			);
			path = ViewModel;
			sourceTree = "<group>";
		};
		EB7FF9251F4FCBD100CFEB8A /* pageViewController */ = {
			isa = PBXGroup;
			children = (
				EB7FF9261F4FCC5A00CFEB8A /* ArtScrollTab.swift */,
				EB7FF9281F50059A00CFEB8A /* ArtScrollTabItem.swift */,
				EB7FF92A1F53FF0300CFEB8A /* ArtPageViewController.swift */,
				EB7FF92C1F5402F300CFEB8A /* ArtFilterModel.swift */,
			);
			path = pageViewController;
			sourceTree = "<group>";
		};
		EB9521F61F59021400849DEC /* Login */ = {
			isa = PBXGroup;
			children = (
				EB9521F71F59021400849DEC /* Command */,
				EB9521F81F59021400849DEC /* Model */,
				EB9521F91F59021400849DEC /* ViewController */,
				EB9521FA1F59021400849DEC /* ViewModel */,
				EB9521FF1F59038100849DEC /* Login.xcassets */,
			);
			path = Login;
			sourceTree = "<group>";
		};
		EB9521F71F59021400849DEC /* Command */ = {
			isa = PBXGroup;
			children = (
			);
			path = Command;
			sourceTree = "<group>";
		};
		EB9521F81F59021400849DEC /* Model */ = {
			isa = PBXGroup;
			children = (
			);
			path = Model;
			sourceTree = "<group>";
		};
		EB9521F91F59021400849DEC /* ViewController */ = {
			isa = PBXGroup;
			children = (
				EB9521FB1F59022A00849DEC /* ArtLoginViewController.swift */,
				EB9521FD1F59024200849DEC /* ArtLoginViewController.storyboard */,
			);
			path = ViewController;
			sourceTree = "<group>";
		};
		EB9521FA1F59021400849DEC /* ViewModel */ = {
			isa = PBXGroup;
			children = (
			);
			path = ViewModel;
			sourceTree = "<group>";
		};
		EB9522031F593B2E00849DEC /* Command */ = {
			isa = PBXGroup;
			children = (
				EB9522041F593B2E00849DEC /* ArtCommand.swift */,
			);
			path = Command;
			sourceTree = "<group>";
		};
		EB9522051F593B2E00849DEC /* ImageService */ = {
			isa = PBXGroup;
			children = (
				EB9522061F593B2E00849DEC /* ArtImageService.swift */,
			);
			path = ImageService;
			sourceTree = "<group>";
		};
		EB9522071F593B2E00849DEC /* UserService */ = {
			isa = PBXGroup;
			children = (
				EB95220E1F593C5D00849DEC /* Command */,
				EB95220F1F593C5D00849DEC /* Model */,
				EB9522101F593C5D00849DEC /* Service */,
				EB9522081F593B2E00849DEC /* ArtUserService.swift */,
				EB95221B1F59477D00849DEC /* ArtUserConfig.swift */,
			);
			path = UserService;
			sourceTree = "<group>";
		};
		EB95220E1F593C5D00849DEC /* Command */ = {
			isa = PBXGroup;
			children = (
				EB9522151F593E1D00849DEC /* ArtCommandLogin.swift */,
			);
			path = Command;
			sourceTree = "<group>";
		};
		EB95220F1F593C5D00849DEC /* Model */ = {
			isa = PBXGroup;
			children = (
				EB9522131F593C6E00849DEC /* ArtUserOperation.swift */,
			);
			path = Model;
			sourceTree = "<group>";
		};
		EB9522101F593C5D00849DEC /* Service */ = {
			isa = PBXGroup;
			children = (
				EB9522111F593C5D00849DEC /* ArtLoginUserService.swift */,
			);
			path = Service;
			sourceTree = "<group>";
		};
/* End PBXGroup section */

/* Begin PBXNativeTarget section */
		EB249A811F42D1C800D48C2F /* DesignBox */ = {
			isa = PBXNativeTarget;
			buildConfigurationList = EB249AAA1F42D1C800D48C2F /* Build configuration list for PBXNativeTarget "DesignBox" */;
			buildPhases = (
				D74C89E16E1353FB762A20B0 /* [CP] Check Pods Manifest.lock */,
				EB249A7E1F42D1C800D48C2F /* Sources */,
				EB249A7F1F42D1C800D48C2F /* Frameworks */,
				EB249A801F42D1C800D48C2F /* Resources */,
				10E27BD2C73C9DE7E3E0B807 /* [CP] Embed Pods Frameworks */,
				F0E5E217B28985608F61D4EB /* [CP] Copy Pods Resources */,
			);
			buildRules = (
			);
			dependencies = (
			);
			name = DesignBox;
			productName = DesignBox;
			productReference = EB249A821F42D1C800D48C2F /* DesignBox.app */;
			productType = "com.apple.product-type.application";
		};
		EB249A951F42D1C800D48C2F /* DesignBoxTests */ = {
			isa = PBXNativeTarget;
			buildConfigurationList = EB249AAD1F42D1C800D48C2F /* Build configuration list for PBXNativeTarget "DesignBoxTests" */;
			buildPhases = (
				EB249A921F42D1C800D48C2F /* Sources */,
				EB249A931F42D1C800D48C2F /* Frameworks */,
				EB249A941F42D1C800D48C2F /* Resources */,
			);
			buildRules = (
			);
			dependencies = (
				EB249A981F42D1C800D48C2F /* PBXTargetDependency */,
			);
			name = DesignBoxTests;
			productName = DesignBoxTests;
			productReference = EB249A961F42D1C800D48C2F /* DesignBoxTests.xctest */;
			productType = "com.apple.product-type.bundle.unit-test";
		};
		EB249AA01F42D1C800D48C2F /* DesignBoxUITests */ = {
			isa = PBXNativeTarget;
			buildConfigurationList = EB249AB01F42D1C800D48C2F /* Build configuration list for PBXNativeTarget "DesignBoxUITests" */;
			buildPhases = (
				EB249A9D1F42D1C800D48C2F /* Sources */,
				EB249A9E1F42D1C800D48C2F /* Frameworks */,
				EB249A9F1F42D1C800D48C2F /* Resources */,
			);
			buildRules = (
			);
			dependencies = (
				EB249AA31F42D1C800D48C2F /* PBXTargetDependency */,
			);
			name = DesignBoxUITests;
			productName = DesignBoxUITests;
			productReference = EB249AA11F42D1C800D48C2F /* DesignBoxUITests.xctest */;
			productType = "com.apple.product-type.bundle.ui-testing";
		};
/* End PBXNativeTarget section */

/* Begin PBXProject section */
		EB249A7A1F42D1C800D48C2F /* Project object */ = {
			isa = PBXProject;
			attributes = {
				LastSwiftUpdateCheck = 0830;
				LastUpgradeCheck = 0830;
				ORGANIZATIONNAME = LeeWong;
				TargetAttributes = {
					EB249A811F42D1C800D48C2F = {
						CreatedOnToolsVersion = 8.3.3;
						DevelopmentTeam = XWNPFKK4U5;
						ProvisioningStyle = Automatic;
					};
					EB249A951F42D1C800D48C2F = {
						CreatedOnToolsVersion = 8.3.3;
						DevelopmentTeam = XWNPFKK4U5;
						ProvisioningStyle = Automatic;
						TestTargetID = EB249A811F42D1C800D48C2F;
					};
					EB249AA01F42D1C800D48C2F = {
						CreatedOnToolsVersion = 8.3.3;
						DevelopmentTeam = XWNPFKK4U5;
						ProvisioningStyle = Automatic;
						TestTargetID = EB249A811F42D1C800D48C2F;
					};
				};
			};
			buildConfigurationList = EB249A7D1F42D1C800D48C2F /* Build configuration list for PBXProject "DesignBox" */;
			compatibilityVersion = "Xcode 3.2";
			developmentRegion = English;
			hasScannedForEncodings = 0;
			knownRegions = (
				en,
				Base,
			);
			mainGroup = EB249A791F42D1C800D48C2F;
			productRefGroup = EB249A831F42D1C800D48C2F /* Products */;
			projectDirPath = "";
			projectRoot = "";
			targets = (
				EB249A811F42D1C800D48C2F /* DesignBox */,
				EB249A951F42D1C800D48C2F /* DesignBoxTests */,
				EB249AA01F42D1C800D48C2F /* DesignBoxUITests */,
			);
		};
/* End PBXProject section */

/* Begin PBXResourcesBuildPhase section */
		EB249A801F42D1C800D48C2F /* Resources */ = {
			isa = PBXResourcesBuildPhase;
			buildActionMask = 2147483647;
			files = (
				EB7FF9111F4D661B00CFEB8A /* Work.xcassets in Resources */,
				EB249AC81F42F7A100D48C2F /* Info.plist in Resources */,
				EB249AC01F42F2D600D48C2F /* Assets.xcassets in Resources */,
				EB9522001F59038100849DEC /* Login.xcassets in Resources */,
				EB9521FE1F59024200849DEC /* ArtLoginViewController.storyboard in Resources */,
				EB249AC21F42F2D700D48C2F /* Main.storyboard in Resources */,
				EB249AC11F42F2D700D48C2F /* LaunchScreen.storyboard in Resources */,
			);
			runOnlyForDeploymentPostprocessing = 0;
		};
		EB249A941F42D1C800D48C2F /* Resources */ = {
			isa = PBXResourcesBuildPhase;
			buildActionMask = 2147483647;
			files = (
			);
			runOnlyForDeploymentPostprocessing = 0;
		};
		EB249A9F1F42D1C800D48C2F /* Resources */ = {
			isa = PBXResourcesBuildPhase;
			buildActionMask = 2147483647;
			files = (
			);
			runOnlyForDeploymentPostprocessing = 0;
		};
/* End PBXResourcesBuildPhase section */

/* Begin PBXShellScriptBuildPhase section */
		10E27BD2C73C9DE7E3E0B807 /* [CP] Embed Pods Frameworks */ = {
			isa = PBXShellScriptBuildPhase;
			buildActionMask = 2147483647;
			files = (
			);
			inputPaths = (
			);
			name = "[CP] Embed Pods Frameworks";
			outputPaths = (
			);
			runOnlyForDeploymentPostprocessing = 0;
			shellPath = /bin/sh;
			shellScript = "\"${SRCROOT}/Pods/Target Support Files/Pods-DesignBox/Pods-DesignBox-frameworks.sh\"\n";
			showEnvVarsInLog = 0;
		};
		D74C89E16E1353FB762A20B0 /* [CP] Check Pods Manifest.lock */ = {
			isa = PBXShellScriptBuildPhase;
			buildActionMask = 2147483647;
			files = (
			);
			inputPaths = (
			);
			name = "[CP] Check Pods Manifest.lock";
			outputPaths = (
			);
			runOnlyForDeploymentPostprocessing = 0;
			shellPath = /bin/sh;
			shellScript = "diff \"${PODS_PODFILE_DIR_PATH}/Podfile.lock\" \"${PODS_ROOT}/Manifest.lock\" > /dev/null\nif [ $? != 0 ] ; then\n    # print error to STDERR\n    echo \"error: The sandbox is not in sync with the Podfile.lock. Run 'pod install' or update your CocoaPods installation.\" >&2\n    exit 1\nfi\n";
			showEnvVarsInLog = 0;
		};
		F0E5E217B28985608F61D4EB /* [CP] Copy Pods Resources */ = {
			isa = PBXShellScriptBuildPhase;
			buildActionMask = 2147483647;
			files = (
			);
			inputPaths = (
			);
			name = "[CP] Copy Pods Resources";
			outputPaths = (
			);
			runOnlyForDeploymentPostprocessing = 0;
			shellPath = /bin/sh;
			shellScript = "\"${SRCROOT}/Pods/Target Support Files/Pods-DesignBox/Pods-DesignBox-resources.sh\"\n";
			showEnvVarsInLog = 0;
		};
/* End PBXShellScriptBuildPhase section */

/* Begin PBXSourcesBuildPhase section */
		EB249A7E1F42D1C800D48C2F /* Sources */ = {
			isa = PBXSourcesBuildPhase;
			buildActionMask = 2147483647;
			files = (
				EB7FF92D1F5402F300CFEB8A /* ArtFilterModel.swift in Sources */,
				EB7FF90C1F4D44D800CFEB8A /* AppDelegate+Start.swift in Sources */,
				EB7FF92B1F53FF0300CFEB8A /* ArtPageViewController.swift in Sources */,
				EB9522181F5944FA00849DEC /* NSData+Art.swift in Sources */,
				EB95221C1F59477D00849DEC /* ArtUserConfig.swift in Sources */,
				EB4741791F44658E00235E1A /* ArtWorkCell.swift in Sources */,
				EB95220B1F593B2E00849DEC /* ArtUserService.swift in Sources */,
				EB7FF9271F4FCC5A00CFEB8A /* ArtScrollTab.swift in Sources */,
				EB7FF9181F4E82DF00CFEB8A /* String+Art.swift in Sources */,
				EB9521FC1F59022A00849DEC /* ArtLoginViewController.swift in Sources */,
				EB249AC71F42F31200D48C2F /* ArtWorkListViewController.swift in Sources */,
				EB7FF90F1F4D450E00CFEB8A /* UIColor+Art.swift in Sources */,
				EB54FAFB1F5574E100833770 /* UIViewController+Art.swift in Sources */,
				EB249A861F42D1C800D48C2F /* AppDelegate.swift in Sources */,
				EBC9DD151F56B2FC0013EC94 /* UIView+Art.swift in Sources */,
				EB249ACA1F43E03800D48C2F /* ArtWorkCommand.swift in Sources */,
				EB9522091F593B2E00849DEC /* ArtCommand.swift in Sources */,
				EB47417C1F44689400235E1A /* ArtImageView.swift in Sources */,
				EBEE742D1F4BD92C0092EFCC /* ArtUser.swift in Sources */,
				EB7FF9241F4FCBB600CFEB8A /* ArtRequirementViewController.swift in Sources */,
				EB9522121F593C5D00849DEC /* ArtLoginUserService.swift in Sources */,
				EB7FF9031F4D1C5A00CFEB8A /* DesignBox-Prefix.swift in Sources */,
				EB7FF9141F4D692300CFEB8A /* UIColor+ArtStyle.swift in Sources */,
				EB95220A1F593B2E00849DEC /* ArtImageService.swift in Sources */,
				EB9522141F593C6E00849DEC /* ArtUserOperation.swift in Sources */,
				EB9522161F593E1D00849DEC /* ArtCommandLogin.swift in Sources */,
				EB249AD11F44281A00D48C2F /* ArtWork.swift in Sources */,
				EBEE742F1F4BD97F0092EFCC /* ArtShare.swift in Sources */,
				EB7FF9291F50059A00CFEB8A /* ArtScrollTabItem.swift in Sources */,
				EB7FF9161F4E736B00CFEB8A /* ArtStyle.swift in Sources */,
			);
			runOnlyForDeploymentPostprocessing = 0;
		};
		EB249A921F42D1C800D48C2F /* Sources */ = {
			isa = PBXSourcesBuildPhase;
			buildActionMask = 2147483647;
			files = (
				EB249A9B1F42D1C800D48C2F /* DesignBoxTests.swift in Sources */,
			);
			runOnlyForDeploymentPostprocessing = 0;
		};
		EB249A9D1F42D1C800D48C2F /* Sources */ = {
			isa = PBXSourcesBuildPhase;
			buildActionMask = 2147483647;
			files = (
				EB249AA61F42D1C800D48C2F /* DesignBoxUITests.swift in Sources */,
			);
			runOnlyForDeploymentPostprocessing = 0;
		};
/* End PBXSourcesBuildPhase section */

/* Begin PBXTargetDependency section */
		EB249A981F42D1C800D48C2F /* PBXTargetDependency */ = {
			isa = PBXTargetDependency;
			target = EB249A811F42D1C800D48C2F /* DesignBox */;
			targetProxy = EB249A971F42D1C800D48C2F /* PBXContainerItemProxy */;
		};
		EB249AA31F42D1C800D48C2F /* PBXTargetDependency */ = {
			isa = PBXTargetDependency;
			target = EB249A811F42D1C800D48C2F /* DesignBox */;
			targetProxy = EB249AA21F42D1C800D48C2F /* PBXContainerItemProxy */;
		};
/* End PBXTargetDependency section */

/* Begin PBXVariantGroup section */
		EB249ABB1F42F2D600D48C2F /* LaunchScreen.storyboard */ = {
			isa = PBXVariantGroup;
			children = (
				EB249ABC1F42F2D600D48C2F /* Base */,
			);
			name = LaunchScreen.storyboard;
			sourceTree = "<group>";
		};
		EB249ABD1F42F2D600D48C2F /* Main.storyboard */ = {
			isa = PBXVariantGroup;
			children = (
				EB249ABE1F42F2D600D48C2F /* Base */,
			);
			name = Main.storyboard;
			sourceTree = "<group>";
		};
/* End PBXVariantGroup section */

/* Begin XCBuildConfiguration section */
		EB249AA81F42D1C800D48C2F /* Debug */ = {
			isa = XCBuildConfiguration;
			buildSettings = {
				ALWAYS_SEARCH_USER_PATHS = NO;
				CLANG_ANALYZER_NONNULL = YES;
				CLANG_ANALYZER_NUMBER_OBJECT_CONVERSION = YES_AGGRESSIVE;
				CLANG_CXX_LANGUAGE_STANDARD = "gnu++0x";
				CLANG_CXX_LIBRARY = "libc++";
				CLANG_ENABLE_MODULES = YES;
				CLANG_ENABLE_OBJC_ARC = YES;
				CLANG_WARN_BOOL_CONVERSION = YES;
				CLANG_WARN_CONSTANT_CONVERSION = YES;
				CLANG_WARN_DIRECT_OBJC_ISA_USAGE = YES_ERROR;
				CLANG_WARN_DOCUMENTATION_COMMENTS = YES;
				CLANG_WARN_EMPTY_BODY = YES;
				CLANG_WARN_ENUM_CONVERSION = YES;
				CLANG_WARN_INFINITE_RECURSION = YES;
				CLANG_WARN_INT_CONVERSION = YES;
				CLANG_WARN_OBJC_ROOT_CLASS = YES_ERROR;
				CLANG_WARN_SUSPICIOUS_MOVE = YES;
				CLANG_WARN_UNREACHABLE_CODE = YES;
				CLANG_WARN__DUPLICATE_METHOD_MATCH = YES;
				"CODE_SIGN_IDENTITY[sdk=iphoneos*]" = "iPhone Developer";
				COPY_PHASE_STRIP = NO;
				DEBUG_INFORMATION_FORMAT = dwarf;
				ENABLE_STRICT_OBJC_MSGSEND = YES;
				ENABLE_TESTABILITY = YES;
				GCC_C_LANGUAGE_STANDARD = gnu99;
				GCC_DYNAMIC_NO_PIC = NO;
				GCC_NO_COMMON_BLOCKS = YES;
				GCC_OPTIMIZATION_LEVEL = 0;
				GCC_PREPROCESSOR_DEFINITIONS = (
					"DEBUG=1",
					"$(inherited)",
				);
				GCC_WARN_64_TO_32_BIT_CONVERSION = YES;
				GCC_WARN_ABOUT_RETURN_TYPE = YES_ERROR;
				GCC_WARN_UNDECLARED_SELECTOR = YES;
				GCC_WARN_UNINITIALIZED_AUTOS = YES_AGGRESSIVE;
				GCC_WARN_UNUSED_FUNCTION = YES;
				GCC_WARN_UNUSED_VARIABLE = YES;
				IPHONEOS_DEPLOYMENT_TARGET = 10.3;
				MTL_ENABLE_DEBUG_INFO = YES;
				ONLY_ACTIVE_ARCH = YES;
				SDKROOT = iphoneos;
				SWIFT_ACTIVE_COMPILATION_CONDITIONS = DEBUG;
				SWIFT_OPTIMIZATION_LEVEL = "-Onone";
			};
			name = Debug;
		};
		EB249AA91F42D1C800D48C2F /* Release */ = {
			isa = XCBuildConfiguration;
			buildSettings = {
				ALWAYS_SEARCH_USER_PATHS = NO;
				CLANG_ANALYZER_NONNULL = YES;
				CLANG_ANALYZER_NUMBER_OBJECT_CONVERSION = YES_AGGRESSIVE;
				CLANG_CXX_LANGUAGE_STANDARD = "gnu++0x";
				CLANG_CXX_LIBRARY = "libc++";
				CLANG_ENABLE_MODULES = YES;
				CLANG_ENABLE_OBJC_ARC = YES;
				CLANG_WARN_BOOL_CONVERSION = YES;
				CLANG_WARN_CONSTANT_CONVERSION = YES;
				CLANG_WARN_DIRECT_OBJC_ISA_USAGE = YES_ERROR;
				CLANG_WARN_DOCUMENTATION_COMMENTS = YES;
				CLANG_WARN_EMPTY_BODY = YES;
				CLANG_WARN_ENUM_CONVERSION = YES;
				CLANG_WARN_INFINITE_RECURSION = YES;
				CLANG_WARN_INT_CONVERSION = YES;
				CLANG_WARN_OBJC_ROOT_CLASS = YES_ERROR;
				CLANG_WARN_SUSPICIOUS_MOVE = YES;
				CLANG_WARN_UNREACHABLE_CODE = YES;
				CLANG_WARN__DUPLICATE_METHOD_MATCH = YES;
				"CODE_SIGN_IDENTITY[sdk=iphoneos*]" = "iPhone Developer";
				COPY_PHASE_STRIP = NO;
				DEBUG_INFORMATION_FORMAT = "dwarf-with-dsym";
				ENABLE_NS_ASSERTIONS = NO;
				ENABLE_STRICT_OBJC_MSGSEND = YES;
				GCC_C_LANGUAGE_STANDARD = gnu99;
				GCC_NO_COMMON_BLOCKS = YES;
				GCC_WARN_64_TO_32_BIT_CONVERSION = YES;
				GCC_WARN_ABOUT_RETURN_TYPE = YES_ERROR;
				GCC_WARN_UNDECLARED_SELECTOR = YES;
				GCC_WARN_UNINITIALIZED_AUTOS = YES_AGGRESSIVE;
				GCC_WARN_UNUSED_FUNCTION = YES;
				GCC_WARN_UNUSED_VARIABLE = YES;
				IPHONEOS_DEPLOYMENT_TARGET = 10.3;
				MTL_ENABLE_DEBUG_INFO = NO;
				SDKROOT = iphoneos;
				SWIFT_OPTIMIZATION_LEVEL = "-Owholemodule";
				VALIDATE_PRODUCT = YES;
			};
			name = Release;
		};
		EB249AAB1F42D1C800D48C2F /* Debug */ = {
			isa = XCBuildConfiguration;
			baseConfigurationReference = EDF11EE45BE2B5ECC7E3C9A6 /* Pods-DesignBox.debug.xcconfig */;
			buildSettings = {
				ASSETCATALOG_COMPILER_APPICON_NAME = AppIcon;
				ASSETCATALOG_COMPILER_LAUNCHIMAGE_NAME = LaunchImage;
				DEVELOPMENT_TEAM = XWNPFKK4U5;
				INFOPLIST_FILE = DesignBox/SupportingFiles/Info.plist;
				LD_RUNPATH_SEARCH_PATHS = "$(inherited) @executable_path/Frameworks";
				PRODUCT_BUNDLE_IDENTIFIER = com.msb.DesignBox1;
				PRODUCT_NAME = "$(TARGET_NAME)";
				SWIFT_VERSION = 3.0;
			};
			name = Debug;
		};
		EB249AAC1F42D1C800D48C2F /* Release */ = {
			isa = XCBuildConfiguration;
			baseConfigurationReference = 5A99D23A7AD340B2B1B80973 /* Pods-DesignBox.release.xcconfig */;
			buildSettings = {
				ASSETCATALOG_COMPILER_APPICON_NAME = AppIcon;
				ASSETCATALOG_COMPILER_LAUNCHIMAGE_NAME = LaunchImage;
				DEVELOPMENT_TEAM = XWNPFKK4U5;
				INFOPLIST_FILE = DesignBox/SupportingFiles/Info.plist;
				LD_RUNPATH_SEARCH_PATHS = "$(inherited) @executable_path/Frameworks";
				PRODUCT_BUNDLE_IDENTIFIER = com.msb.DesignBox1;
				PRODUCT_NAME = "$(TARGET_NAME)";
				SWIFT_VERSION = 3.0;
			};
			name = Release;
		};
		EB249AAE1F42D1C800D48C2F /* Debug */ = {
			isa = XCBuildConfiguration;
			buildSettings = {
				ALWAYS_EMBED_SWIFT_STANDARD_LIBRARIES = YES;
				BUNDLE_LOADER = "$(TEST_HOST)";
				DEVELOPMENT_TEAM = XWNPFKK4U5;
				INFOPLIST_FILE = DesignBoxTests/Info.plist;
				LD_RUNPATH_SEARCH_PATHS = "$(inherited) @executable_path/Frameworks @loader_path/Frameworks";
				PRODUCT_BUNDLE_IDENTIFIER = com.msb.DesignBoxTests;
				PRODUCT_NAME = "$(TARGET_NAME)";
				SWIFT_VERSION = 3.0;
				TEST_HOST = "$(BUILT_PRODUCTS_DIR)/DesignBox.app/DesignBox";
			};
			name = Debug;
		};
		EB249AAF1F42D1C800D48C2F /* Release */ = {
			isa = XCBuildConfiguration;
			buildSettings = {
				ALWAYS_EMBED_SWIFT_STANDARD_LIBRARIES = YES;
				BUNDLE_LOADER = "$(TEST_HOST)";
				DEVELOPMENT_TEAM = XWNPFKK4U5;
				INFOPLIST_FILE = DesignBoxTests/Info.plist;
				LD_RUNPATH_SEARCH_PATHS = "$(inherited) @executable_path/Frameworks @loader_path/Frameworks";
				PRODUCT_BUNDLE_IDENTIFIER = com.msb.DesignBoxTests;
				PRODUCT_NAME = "$(TARGET_NAME)";
				SWIFT_VERSION = 3.0;
				TEST_HOST = "$(BUILT_PRODUCTS_DIR)/DesignBox.app/DesignBox";
			};
			name = Release;
		};
		EB249AB11F42D1C800D48C2F /* Debug */ = {
			isa = XCBuildConfiguration;
			buildSettings = {
				ALWAYS_EMBED_SWIFT_STANDARD_LIBRARIES = YES;
				DEVELOPMENT_TEAM = XWNPFKK4U5;
				INFOPLIST_FILE = DesignBoxUITests/Info.plist;
				LD_RUNPATH_SEARCH_PATHS = "$(inherited) @executable_path/Frameworks @loader_path/Frameworks";
				PRODUCT_BUNDLE_IDENTIFIER = com.msb.DesignBoxUITests;
				PRODUCT_NAME = "$(TARGET_NAME)";
				SWIFT_VERSION = 3.0;
				TEST_TARGET_NAME = DesignBox;
			};
			name = Debug;
		};
		EB249AB21F42D1C800D48C2F /* Release */ = {
			isa = XCBuildConfiguration;
			buildSettings = {
				ALWAYS_EMBED_SWIFT_STANDARD_LIBRARIES = YES;
				DEVELOPMENT_TEAM = XWNPFKK4U5;
				INFOPLIST_FILE = DesignBoxUITests/Info.plist;
				LD_RUNPATH_SEARCH_PATHS = "$(inherited) @executable_path/Frameworks @loader_path/Frameworks";
				PRODUCT_BUNDLE_IDENTIFIER = com.msb.DesignBoxUITests;
				PRODUCT_NAME = "$(TARGET_NAME)";
				SWIFT_VERSION = 3.0;
				TEST_TARGET_NAME = DesignBox;
			};
			name = Release;
		};
/* End XCBuildConfiguration section */

/* Begin XCConfigurationList section */
		EB249A7D1F42D1C800D48C2F /* Build configuration list for PBXProject "DesignBox" */ = {
			isa = XCConfigurationList;
			buildConfigurations = (
				EB249AA81F42D1C800D48C2F /* Debug */,
				EB249AA91F42D1C800D48C2F /* Release */,
			);
			defaultConfigurationIsVisible = 0;
			defaultConfigurationName = Release;
		};
		EB249AAA1F42D1C800D48C2F /* Build configuration list for PBXNativeTarget "DesignBox" */ = {
			isa = XCConfigurationList;
			buildConfigurations = (
				EB249AAB1F42D1C800D48C2F /* Debug */,
				EB249AAC1F42D1C800D48C2F /* Release */,
			);
			defaultConfigurationIsVisible = 0;
			defaultConfigurationName = Release;
		};
		EB249AAD1F42D1C800D48C2F /* Build configuration list for PBXNativeTarget "DesignBoxTests" */ = {
			isa = XCConfigurationList;
			buildConfigurations = (
				EB249AAE1F42D1C800D48C2F /* Debug */,
				EB249AAF1F42D1C800D48C2F /* Release */,
			);
			defaultConfigurationIsVisible = 0;
			defaultConfigurationName = Release;
		};
		EB249AB01F42D1C800D48C2F /* Build configuration list for PBXNativeTarget "DesignBoxUITests" */ = {
			isa = XCConfigurationList;
			buildConfigurations = (
				EB249AB11F42D1C800D48C2F /* Debug */,
				EB249AB21F42D1C800D48C2F /* Release */,
			);
			defaultConfigurationIsVisible = 0;
			defaultConfigurationName = Release;
		};
/* End XCConfigurationList section */
	};
	rootObject = EB249A7A1F42D1C800D48C2F /* Project object */;
}
